
Microsoft Visual Studio Solution File, Format Version 12.00
# Visual Studio 15
VisualStudioVersion = 15.0.27130.2036
MinimumVisualStudioVersion = 10.0.40219.1
Project("{FAE04EC0-301F-11D3-BF4B-00C04F79EFBC}") = "ChatClient", "ChatClient\ChatClient\ChatClient.csproj", "{54088C5E-7432-4048-89A8-948B7B870DC1}"
EndProject
Project("{FAE04EC0-301F-11D3-BF4B-00C04F79EFBC}") = "ChatClient.Android", "ChatClient\ChatClient.Android\ChatClient.Android.csproj", "{360B6267-5B53-4EE9-8ACD-58A89C3E15EC}"
EndProject
Project("{FAE04EC0-301F-11D3-BF4B-00C04F79EFBC}") = "ChatClient.iOS", "ChatClient\ChatClient.iOS\ChatClient.iOS.csproj", "{C40EBA62-11E2-45F9-9D56-37ABD95202B0}"
EndProject
Project("{FAE04EC0-301F-11D3-BF4B-00C04F79EFBC}") = "ChatClient.UWP", "ChatClient\ChatClient.UWP\ChatClient.UWP.csproj", "{69E4B205-3439-4C35-96CE-3B9166818D80}"
EndProject
Global
	GlobalSection(SolutionConfigurationPlatforms) = preSolution
		Ad-Hoc|Any CPU = Ad-Hoc|Any CPU
		Ad-Hoc|ARM = Ad-Hoc|ARM
		Ad-Hoc|iPhone = Ad-Hoc|iPhone
		Ad-Hoc|iPhoneSimulator = Ad-Hoc|iPhoneSimulator
		Ad-Hoc|x64 = Ad-Hoc|x64
		Ad-Hoc|x86 = Ad-Hoc|x86
		AppStore|Any CPU = AppStore|Any CPU
		AppStore|ARM = AppStore|ARM
		AppStore|iPhone = AppStore|iPhone
		AppStore|iPhoneSimulator = AppStore|iPhoneSimulator
		AppStore|x64 = AppStore|x64
		AppStore|x86 = AppStore|x86
		Debug|Any CPU = Debug|Any CPU
		Debug|ARM = Debug|ARM
		Debug|iPhone = Debug|iPhone
		Debug|iPhoneSimulator = Debug|iPhoneSimulator
		Debug|x64 = Debug|x64
		Debug|x86 = Debug|x86
		Release|Any CPU = Release|Any CPU
		Release|ARM = Release|ARM
		Release|iPhone = Release|iPhone
		Release|iPhoneSimulator = Release|iPhoneSimulator
		Release|x64 = Release|x64
		Release|x86 = Release|x86
	EndGlobalSection
	GlobalSection(ProjectConfigurationPlatforms) = postSolution
		{54088C5E-7432-4048-89A8-948B7B870DC1}.Ad-Hoc|Any CPU.ActiveCfg = Debug|Any CPU
		{54088C5E-7432-4048-89A8-948B7B870DC1}.Ad-Hoc|Any CPU.Build.0 = Debug|Any CPU
		{54088C5E-7432-4048-89A8-948B7B870DC1}.Ad-Hoc|ARM.ActiveCfg = Debug|Any CPU
		{54088C5E-7432-4048-89A8-948B7B870DC1}.Ad-Hoc|ARM.Build.0 = Debug|Any CPU
		{54088C5E-7432-4048-89A8-948B7B870DC1}.Ad-Hoc|iPhone.ActiveCfg = Debug|Any CPU
		{54088C5E-7432-4048-89A8-948B7B870DC1}.Ad-Hoc|iPhone.Build.0 = Debug|Any CPU
		{54088C5E-7432-4048-89A8-948B7B870DC1}.Ad-Hoc|iPhoneSimulator.ActiveCfg = Debug|Any CPU
		{54088C5E-7432-4048-89A8-948B7B870DC1}.Ad-Hoc|iPhoneSimulator.Build.0 = Debug|Any CPU
		{54088C5E-7432-4048-89A8-948B7B870DC1}.Ad-Hoc|x64.ActiveCfg = Debug|Any CPU
		{54088C5E-7432-4048-89A8-948B7B870DC1}.Ad-Hoc|x64.Build.0 = Debug|Any CPU
		{54088C5E-7432-4048-89A8-948B7B870DC1}.Ad-Hoc|x86.ActiveCfg = Debug|Any CPU
		{54088C5E-7432-4048-89A8-948B7B870DC1}.Ad-Hoc|x86.Build.0 = Debug|Any CPU
		{54088C5E-7432-4048-89A8-948B7B870DC1}.AppStore|Any CPU.ActiveCfg = Debug|Any CPU
		{54088C5E-7432-4048-89A8-948B7B870DC1}.AppStore|Any CPU.Build.0 = Debug|Any CPU
		{54088C5E-7432-4048-89A8-948B7B870DC1}.AppStore|ARM.ActiveCfg = Debug|Any CPU
		{54088C5E-7432-4048-89A8-948B7B870DC1}.AppStore|ARM.Build.0 = Debug|Any CPU
		{54088C5E-7432-4048-89A8-948B7B870DC1}.AppStore|iPhone.ActiveCfg = Debug|Any CPU
		{54088C5E-7432-4048-89A8-948B7B870DC1}.AppStore|iPhone.Build.0 = Debug|Any CPU
		{54088C5E-7432-4048-89A8-948B7B870DC1}.AppStore|iPhoneSimulator.ActiveCfg = Debug|Any CPU
		{54088C5E-7432-4048-89A8-948B7B870DC1}.AppStore|iPhoneSimulator.Build.0 = Debug|Any CPU
		{54088C5E-7432-4048-89A8-948B7B870DC1}.AppStore|x64.ActiveCfg = Debug|Any CPU
		{54088C5E-7432-4048-89A8-948B7B870DC1}.AppStore|x64.Build.0 = Debug|Any CPU
		{54088C5E-7432-4048-89A8-948B7B870DC1}.AppStore|x86.ActiveCfg = Debug|Any CPU
		{54088C5E-7432-4048-89A8-948B7B870DC1}.AppStore|x86.Build.0 = Debug|Any CPU
		{54088C5E-7432-4048-89A8-948B7B870DC1}.Debug|Any CPU.ActiveCfg = Debug|Any CPU
		{54088C5E-7432-4048-89A8-948B7B870DC1}.Debug|Any CPU.Build.0 = Debug|Any CPU
		{54088C5E-7432-4048-89A8-948B7B870DC1}.Debug|ARM.ActiveCfg = Debug|Any CPU
		{54088C5E-7432-4048-89A8-948B7B870DC1}.Debug|ARM.Build.0 = Debug|Any CPU
		{54088C5E-7432-4048-89A8-948B7B870DC1}.Debug|iPhone.ActiveCfg = Debug|Any CPU
		{54088C5E-7432-4048-89A8-948B7B870DC1}.Debug|iPhone.Build.0 = Debug|Any CPU
		{54088C5E-7432-4048-89A8-948B7B870DC1}.Debug|iPhoneSimulator.ActiveCfg = Debug|Any CPU
		{54088C5E-7432-4048-89A8-948B7B870DC1}.Debug|iPhoneSimulator.Build.0 = Debug|Any CPU
		{54088C5E-7432-4048-89A8-948B7B870DC1}.Debug|x64.ActiveCfg = Debug|Any CPU
		{54088C5E-7432-4048-89A8-948B7B870DC1}.Debug|x64.Build.0 = Debug|Any CPU
		{54088C5E-7432-4048-89A8-948B7B870DC1}.Debug|x86.ActiveCfg = Debug|Any CPU
		{54088C5E-7432-4048-89A8-948B7B870DC1}.Debug|x86.Build.0 = Debug|Any CPU
		{54088C5E-7432-4048-89A8-948B7B870DC1}.Release|Any CPU.ActiveCfg = Release|Any CPU
		{54088C5E-7432-4048-89A8-948B7B870DC1}.Release|Any CPU.Build.0 = Release|Any CPU
		{54088C5E-7432-4048-89A8-948B7B870DC1}.Release|ARM.ActiveCfg = Release|Any CPU
		{54088C5E-7432-4048-89A8-948B7B870DC1}.Release|ARM.Build.0 = Release|Any CPU
		{54088C5E-7432-4048-89A8-948B7B870DC1}.Release|iPhone.ActiveCfg = Release|Any CPU
		{54088C5E-7432-4048-89A8-948B7B870DC1}.Release|iPhone.Build.0 = Release|Any CPU
		{54088C5E-7432-4048-89A8-948B7B870DC1}.Release|iPhoneSimulator.ActiveCfg = Release|Any CPU
		{54088C5E-7432-4048-89A8-948B7B870DC1}.Release|iPhoneSimulator.Build.0 = Release|Any CPU
		{54088C5E-7432-4048-89A8-948B7B870DC1}.Release|x64.ActiveCfg = Release|Any CPU
		{54088C5E-7432-4048-89A8-948B7B870DC1}.Release|x64.Build.0 = Release|Any CPU
		{54088C5E-7432-4048-89A8-948B7B870DC1}.Release|x86.ActiveCfg = Release|Any CPU
		{54088C5E-7432-4048-89A8-948B7B870DC1}.Release|x86.Build.0 = Release|Any CPU
		{360B6267-5B53-4EE9-8ACD-58A89C3E15EC}.Ad-Hoc|Any CPU.ActiveCfg = Release|Any CPU
		{360B6267-5B53-4EE9-8ACD-58A89C3E15EC}.Ad-Hoc|Any CPU.Build.0 = Release|Any CPU
		{360B6267-5B53-4EE9-8ACD-58A89C3E15EC}.Ad-Hoc|Any CPU.Deploy.0 = Release|Any CPU
		{360B6267-5B53-4EE9-8ACD-58A89C3E15EC}.Ad-Hoc|ARM.ActiveCfg = Release|Any CPU
		{360B6267-5B53-4EE9-8ACD-58A89C3E15EC}.Ad-Hoc|ARM.Build.0 = Release|Any CPU
		{360B6267-5B53-4EE9-8ACD-58A89C3E15EC}.Ad-Hoc|ARM.Deploy.0 = Release|Any CPU
		{360B6267-5B53-4EE9-8ACD-58A89C3E15EC}.Ad-Hoc|iPhone.ActiveCfg = Release|Any CPU
		{360B6267-5B53-4EE9-8ACD-58A89C3E15EC}.Ad-Hoc|iPhone.Build.0 = Release|Any CPU
		{360B6267-5B53-4EE9-8ACD-58A89C3E15EC}.Ad-Hoc|iPhone.Deploy.0 = Release|Any CPU
		{360B6267-5B53-4EE9-8ACD-58A89C3E15EC}.Ad-Hoc|iPhoneSimulator.ActiveCfg = Release|Any CPU
		{360B6267-5B53-4EE9-8ACD-58A89C3E15EC}.Ad-Hoc|iPhoneSimulator.Build.0 = Release|Any CPU
		{360B6267-5B53-4EE9-8ACD-58A89C3E15EC}.Ad-Hoc|iPhoneSimulator.Deploy.0 = Release|Any CPU
		{360B6267-5B53-4EE9-8ACD-58A89C3E15EC}.Ad-Hoc|x64.ActiveCfg = Release|Any CPU
		{360B6267-5B53-4EE9-8ACD-58A89C3E15EC}.Ad-Hoc|x64.Build.0 = Release|Any CPU
		{360B6267-5B53-4EE9-8ACD-58A89C3E15EC}.Ad-Hoc|x64.Deploy.0 = Release|Any CPU
		{360B6267-5B53-4EE9-8ACD-58A89C3E15EC}.Ad-Hoc|x86.ActiveCfg = Release|Any CPU
		{360B6267-5B53-4EE9-8ACD-58A89C3E15EC}.Ad-Hoc|x86.Build.0 = Release|Any CPU
		{360B6267-5B53-4EE9-8ACD-58A89C3E15EC}.Ad-Hoc|x86.Deploy.0 = Release|Any CPU
		{360B6267-5B53-4EE9-8ACD-58A89C3E15EC}.AppStore|Any CPU.ActiveCfg = Release|Any CPU
		{360B6267-5B53-4EE9-8ACD-58A89C3E15EC}.AppStore|Any CPU.Build.0 = Release|Any CPU
		{360B6267-5B53-4EE9-8ACD-58A89C3E15EC}.AppStore|Any CPU.Deploy.0 = Release|Any CPU
		{360B6267-5B53-4EE9-8ACD-58A89C3E15EC}.AppStore|ARM.ActiveCfg = Release|Any CPU
		{360B6267-5B53-4EE9-8ACD-58A89C3E15EC}.AppStore|ARM.Build.0 = Release|Any CPU
		{360B6267-5B53-4EE9-8ACD-58A89C3E15EC}.AppStore|ARM.Deploy.0 = Release|Any CPU
		{360B6267-5B53-4EE9-8ACD-58A89C3E15EC}.AppStore|iPhone.ActiveCfg = Release|Any CPU
		{360B6267-5B53-4EE9-8ACD-58A89C3E15EC}.AppStore|iPhone.Build.0 = Release|Any CPU
		{360B6267-5B53-4EE9-8ACD-58A89C3E15EC}.AppStore|iPhone.Deploy.0 = Release|Any CPU
		{360B6267-5B53-4EE9-8ACD-58A89C3E15EC}.AppStore|iPhoneSimulator.ActiveCfg = Release|Any CPU
		{360B6267-5B53-4EE9-8ACD-58A89C3E15EC}.AppStore|iPhoneSimulator.Build.0 = Release|Any CPU
		{360B6267-5B53-4EE9-8ACD-58A89C3E15EC}.AppStore|iPhoneSimulator.Deploy.0 = Release|Any CPU
		{360B6267-5B53-4EE9-8ACD-58A89C3E15EC}.AppStore|x64.ActiveCfg = Release|Any CPU
		{360B6267-5B53-4EE9-8ACD-58A89C3E15EC}.AppStore|x64.Build.0 = Release|Any CPU
		{360B6267-5B53-4EE9-8ACD-58A89C3E15EC}.AppStore|x64.Deploy.0 = Release|Any CPU
		{360B6267-5B53-4EE9-8ACD-58A89C3E15EC}.AppStore|x86.ActiveCfg = Release|Any CPU
		{360B6267-5B53-4EE9-8ACD-58A89C3E15EC}.AppStore|x86.Build.0 = Release|Any CPU
		{360B6267-5B53-4EE9-8ACD-58A89C3E15EC}.AppStore|x86.Deploy.0 = Release|Any CPU
		{360B6267-5B53-4EE9-8ACD-58A89C3E15EC}.Debug|Any CPU.ActiveCfg = Debug|Any CPU
		{360B6267-5B53-4EE9-8ACD-58A89C3E15EC}.Debug|Any CPU.Build.0 = Debug|Any CPU
		{360B6267-5B53-4EE9-8ACD-58A89C3E15EC}.Debug|Any CPU.Deploy.0 = Debug|Any CPU
		{360B6267-5B53-4EE9-8ACD-58A89C3E15EC}.Debug|ARM.ActiveCfg = Debug|Any CPU
		{360B6267-5B53-4EE9-8ACD-58A89C3E15EC}.Debug|ARM.Build.0 = Debug|Any CPU
		{360B6267-5B53-4EE9-8ACD-58A89C3E15EC}.Debug|ARM.Deploy.0 = Debug|Any CPU
		{360B6267-5B53-4EE9-8ACD-58A89C3E15EC}.Debug|iPhone.ActiveCfg = Debug|Any CPU
		{360B6267-5B53-4EE9-8ACD-58A89C3E15EC}.Debug|iPhone.Build.0 = Debug|Any CPU
		{360B6267-5B53-4EE9-8ACD-58A89C3E15EC}.Debug|iPhone.Deploy.0 = Debug|Any CPU
		{360B6267-5B53-4EE9-8ACD-58A89C3E15EC}.Debug|iPhoneSimulator.ActiveCfg = Debug|Any CPU
		{360B6267-5B53-4EE9-8ACD-58A89C3E15EC}.Debug|iPhoneSimulator.Build.0 = Debug|Any CPU
		{360B6267-5B53-4EE9-8ACD-58A89C3E15EC}.Debug|iPhoneSimulator.Deploy.0 = Debug|Any CPU
		{360B6267-5B53-4EE9-8ACD-58A89C3E15EC}.Debug|x64.ActiveCfg = Debug|Any CPU
		{360B6267-5B53-4EE9-8ACD-58A89C3E15EC}.Debug|x64.Build.0 = Debug|Any CPU
		{360B6267-5B53-4EE9-8ACD-58A89C3E15EC}.Debug|x64.Deploy.0 = Debug|Any CPU
		{360B6267-5B53-4EE9-8ACD-58A89C3E15EC}.Debug|x86.ActiveCfg = Debug|Any CPU
		{360B6267-5B53-4EE9-8ACD-58A89C3E15EC}.Debug|x86.Build.0 = Debug|Any CPU
		{360B6267-5B53-4EE9-8ACD-58A89C3E15EC}.Debug|x86.Deploy.0 = Debug|Any CPU
		{360B6267-5B53-4EE9-8ACD-58A89C3E15EC}.Release|Any CPU.ActiveCfg = Release|Any CPU
		{360B6267-5B53-4EE9-8ACD-58A89C3E15EC}.Release|Any CPU.Build.0 = Release|Any CPU
		{360B6267-5B53-4EE9-8ACD-58A89C3E15EC}.Release|Any CPU.Deploy.0 = Release|Any CPU
		{360B6267-5B53-4EE9-8ACD-58A89C3E15EC}.Release|ARM.ActiveCfg = Release|Any CPU
		{360B6267-5B53-4EE9-8ACD-58A89C3E15EC}.Release|ARM.Build.0 = Release|Any CPU
		{360B6267-5B53-4EE9-8ACD-58A89C3E15EC}.Release|ARM.Deploy.0 = Release|Any CPU
		{360B6267-5B53-4EE9-8ACD-58A89C3E15EC}.Release|iPhone.ActiveCfg = Release|Any CPU
		{360B6267-5B53-4EE9-8ACD-58A89C3E15EC}.Release|iPhone.Build.0 = Release|Any CPU
		{360B6267-5B53-4EE9-8ACD-58A89C3E15EC}.Release|iPhone.Deploy.0 = Release|Any CPU
		{360B6267-5B53-4EE9-8ACD-58A89C3E15EC}.Release|iPhoneSimulator.ActiveCfg = Release|Any CPU
		{360B6267-5B53-4EE9-8ACD-58A89C3E15EC}.Release|iPhoneSimulator.Build.0 = Release|Any CPU
		{360B6267-5B53-4EE9-8ACD-58A89C3E15EC}.Release|iPhoneSimulator.Deploy.0 = Release|Any CPU
		{360B6267-5B53-4EE9-8ACD-58A89C3E15EC}.Release|x64.ActiveCfg = Release|Any CPU
		{360B6267-5B53-4EE9-8ACD-58A89C3E15EC}.Release|x64.Build.0 = Release|Any CPU
		{360B6267-5B53-4EE9-8ACD-58A89C3E15EC}.Release|x64.Deploy.0 = Release|Any CPU
		{360B6267-5B53-4EE9-8ACD-58A89C3E15EC}.Release|x86.ActiveCfg = Release|Any CPU
		{360B6267-5B53-4EE9-8ACD-58A89C3E15EC}.Release|x86.Build.0 = Release|Any CPU
		{360B6267-5B53-4EE9-8ACD-58A89C3E15EC}.Release|x86.Deploy.0 = Release|Any CPU
		{C40EBA62-11E2-45F9-9D56-37ABD95202B0}.Ad-Hoc|Any CPU.ActiveCfg = Ad-Hoc|iPhone
		{C40EBA62-11E2-45F9-9D56-37ABD95202B0}.Ad-Hoc|ARM.ActiveCfg = Ad-Hoc|iPhone
		{C40EBA62-11E2-45F9-9D56-37ABD95202B0}.Ad-Hoc|iPhone.ActiveCfg = Ad-Hoc|iPhone
		{C40EBA62-11E2-45F9-9D56-37ABD95202B0}.Ad-Hoc|iPhone.Build.0 = Ad-Hoc|iPhone
		{C40EBA62-11E2-45F9-9D56-37ABD95202B0}.Ad-Hoc|iPhoneSimulator.ActiveCfg = Ad-Hoc|iPhoneSimulator
		{C40EBA62-11E2-45F9-9D56-37ABD95202B0}.Ad-Hoc|iPhoneSimulator.Build.0 = Ad-Hoc|iPhoneSimulator
		{C40EBA62-11E2-45F9-9D56-37ABD95202B0}.Ad-Hoc|x64.ActiveCfg = Ad-Hoc|iPhone
		{C40EBA62-11E2-45F9-9D56-37ABD95202B0}.Ad-Hoc|x86.ActiveCfg = Ad-Hoc|iPhone
		{C40EBA62-11E2-45F9-9D56-37ABD95202B0}.AppStore|Any CPU.ActiveCfg = AppStore|iPhone
		{C40EBA62-11E2-45F9-9D56-37ABD95202B0}.AppStore|ARM.ActiveCfg = AppStore|iPhone
		{C40EBA62-11E2-45F9-9D56-37ABD95202B0}.AppStore|iPhone.ActiveCfg = AppStore|iPhone
		{C40EBA62-11E2-45F9-9D56-37ABD95202B0}.AppStore|iPhone.Build.0 = AppStore|iPhone
		{C40EBA62-11E2-45F9-9D56-37ABD95202B0}.AppStore|iPhoneSimulator.ActiveCfg = AppStore|iPhoneSimulator
		{C40EBA62-11E2-45F9-9D56-37ABD95202B0}.AppStore|iPhoneSimulator.Build.0 = AppStore|iPhoneSimulator
		{C40EBA62-11E2-45F9-9D56-37ABD95202B0}.AppStore|x64.ActiveCfg = AppStore|iPhone
		{C40EBA62-11E2-45F9-9D56-37ABD95202B0}.AppStore|x86.ActiveCfg = AppStore|iPhone
		{C40EBA62-11E2-45F9-9D56-37ABD95202B0}.Debug|Any CPU.ActiveCfg = Debug|iPhone
		{C40EBA62-11E2-45F9-9D56-37ABD95202B0}.Debug|ARM.ActiveCfg = Debug|iPhone
		{C40EBA62-11E2-45F9-9D56-37ABD95202B0}.Debug|iPhone.ActiveCfg = Debug|iPhone
		{C40EBA62-11E2-45F9-9D56-37ABD95202B0}.Debug|iPhone.Build.0 = Debug|iPhone
		{C40EBA62-11E2-45F9-9D56-37ABD95202B0}.Debug|iPhoneSimulator.ActiveCfg = Debug|iPhoneSimulator
		{C40EBA62-11E2-45F9-9D56-37ABD95202B0}.Debug|iPhoneSimulator.Build.0 = Debug|iPhoneSimulator
		{C40EBA62-11E2-45F9-9D56-37ABD95202B0}.Debug|x64.ActiveCfg = Debug|iPhone
		{C40EBA62-11E2-45F9-9D56-37ABD95202B0}.Debug|x86.ActiveCfg = Debug|iPhone
		{C40EBA62-11E2-45F9-9D56-37ABD95202B0}.Release|Any CPU.ActiveCfg = Release|iPhone
		{C40EBA62-11E2-45F9-9D56-37ABD95202B0}.Release|ARM.ActiveCfg = Release|iPhone
		{C40EBA62-11E2-45F9-9D56-37ABD95202B0}.Release|iPhone.ActiveCfg = Release|iPhone
		{C40EBA62-11E2-45F9-9D56-37ABD95202B0}.Release|iPhone.Build.0 = Release|iPhone
		{C40EBA62-11E2-45F9-9D56-37ABD95202B0}.Release|iPhoneSimulator.ActiveCfg = Release|iPhoneSimulator
		{C40EBA62-11E2-45F9-9D56-37ABD95202B0}.Release|iPhoneSimulator.Build.0 = Release|iPhoneSimulator
		{C40EBA62-11E2-45F9-9D56-37ABD95202B0}.Release|x64.ActiveCfg = Release|iPhone
		{C40EBA62-11E2-45F9-9D56-37ABD95202B0}.Release|x86.ActiveCfg = Release|iPhone
		{69E4B205-3439-4C35-96CE-3B9166818D80}.Ad-Hoc|Any CPU.ActiveCfg = Release|x86
		{69E4B205-3439-4C35-96CE-3B9166818D80}.Ad-Hoc|Any CPU.Build.0 = Release|x86
		{69E4B205-3439-4C35-96CE-3B9166818D80}.Ad-Hoc|Any CPU.Deploy.0 = Release|x86
		{69E4B205-3439-4C35-96CE-3B9166818D80}.Ad-Hoc|ARM.ActiveCfg = Release|ARM
		{69E4B205-3439-4C35-96CE-3B9166818D80}.Ad-Hoc|ARM.Build.0 = Release|ARM
		{69E4B205-3439-4C35-96CE-3B9166818D80}.Ad-Hoc|ARM.Deploy.0 = Release|ARM
		{69E4B205-3439-4C35-96CE-3B9166818D80}.Ad-Hoc|iPhone.ActiveCfg = Release|x86
		{69E4B205-3439-4C35-96CE-3B9166818D80}.Ad-Hoc|iPhone.Build.0 = Release|x86
		{69E4B205-3439-4C35-96CE-3B9166818D80}.Ad-Hoc|iPhone.Deploy.0 = Release|x86
		{69E4B205-3439-4C35-96CE-3B9166818D80}.Ad-Hoc|iPhoneSimulator.ActiveCfg = Release|x86
		{69E4B205-3439-4C35-96CE-3B9166818D80}.Ad-Hoc|iPhoneSimulator.Build.0 = Release|x86
		{69E4B205-3439-4C35-96CE-3B9166818D80}.Ad-Hoc|iPhoneSimulator.Deploy.0 = Release|x86
		{69E4B205-3439-4C35-96CE-3B9166818D80}.Ad-Hoc|x64.ActiveCfg = Release|x64
		{69E4B205-3439-4C35-96CE-3B9166818D80}.Ad-Hoc|x64.Build.0 = Release|x64
		{69E4B205-3439-4C35-96CE-3B9166818D80}.Ad-Hoc|x64.Deploy.0 = Release|x64
		{69E4B205-3439-4C35-96CE-3B9166818D80}.Ad-Hoc|x86.ActiveCfg = Release|x86
		{69E4B205-3439-4C35-96CE-3B9166818D80}.Ad-Hoc|x86.Build.0 = Release|x86
		{69E4B205-3439-4C35-96CE-3B9166818D80}.Ad-Hoc|x86.Deploy.0 = Release|x86
		{69E4B205-3439-4C35-96CE-3B9166818D80}.AppStore|Any CPU.ActiveCfg = Release|x86
		{69E4B205-3439-4C35-96CE-3B9166818D80}.AppStore|Any CPU.Build.0 = Release|x86
		{69E4B205-3439-4C35-96CE-3B9166818D80}.AppStore|Any CPU.Deploy.0 = Release|x86
		{69E4B205-3439-4C35-96CE-3B9166818D80}.AppStore|ARM.ActiveCfg = Release|ARM
		{69E4B205-3439-4C35-96CE-3B9166818D80}.AppStore|ARM.Build.0 = Release|ARM
		{69E4B205-3439-4C35-96CE-3B9166818D80}.AppStore|ARM.Deploy.0 = Release|ARM
		{69E4B205-3439-4C35-96CE-3B9166818D80}.AppStore|iPhone.ActiveCfg = Release|x86
		{69E4B205-3439-4C35-96CE-3B9166818D80}.AppStore|iPhone.Build.0 = Release|x86
		{69E4B205-3439-4C35-96CE-3B9166818D80}.AppStore|iPhone.Deploy.0 = Release|x86
		{69E4B205-3439-4C35-96CE-3B9166818D80}.AppStore|iPhoneSimulator.ActiveCfg = Release|x86
		{69E4B205-3439-4C35-96CE-3B9166818D80}.AppStore|iPhoneSimulator.Build.0 = Release|x86
		{69E4B205-3439-4C35-96CE-3B9166818D80}.AppStore|iPhoneSimulator.Deploy.0 = Release|x86
		{69E4B205-3439-4C35-96CE-3B9166818D80}.AppStore|x64.ActiveCfg = Release|x64
		{69E4B205-3439-4C35-96CE-3B9166818D80}.AppStore|x64.Build.0 = Release|x64
		{69E4B205-3439-4C35-96CE-3B9166818D80}.AppStore|x64.Deploy.0 = Release|x64
		{69E4B205-3439-4C35-96CE-3B9166818D80}.AppStore|x86.ActiveCfg = Release|x86
		{69E4B205-3439-4C35-96CE-3B9166818D80}.AppStore|x86.Build.0 = Release|x86
		{69E4B205-3439-4C35-96CE-3B9166818D80}.AppStore|x86.Deploy.0 = Release|x86
		{69E4B205-3439-4C35-96CE-3B9166818D80}.Debug|Any CPU.ActiveCfg = Debug|x86
		{69E4B205-3439-4C35-96CE-3B9166818D80}.Debug|ARM.ActiveCfg = Debug|ARM
		{69E4B205-3439-4C35-96CE-3B9166818D80}.Debug|ARM.Build.0 = Debug|ARM
		{69E4B205-3439-4C35-96CE-3B9166818D80}.Debug|ARM.Deploy.0 = Debug|ARM
		{69E4B205-3439-4C35-96CE-3B9166818D80}.Debug|iPhone.ActiveCfg = Debug|x86
		{69E4B205-3439-4C35-96CE-3B9166818D80}.Debug|iPhoneSimulator.ActiveCfg = Debug|x86
		{69E4B205-3439-4C35-96CE-3B9166818D80}.Debug|x64.ActiveCfg = Debug|x64
		{69E4B205-3439-4C35-96CE-3B9166818D80}.Debug|x64.Build.0 = Debug|x64
		{69E4B205-3439-4C35-96CE-3B9166818D80}.Debug|x64.Deploy.0 = Debug|x64
		{69E4B205-3439-4C35-96CE-3B9166818D80}.Debug|x86.ActiveCfg = Debug|x86
		{69E4B205-3439-4C35-96CE-3B9166818D80}.Debug|x86.Build.0 = Debug|x86
		{69E4B205-3439-4C35-96CE-3B9166818D80}.Debug|x86.Deploy.0 = Debug|x86
		{69E4B205-3439-4C35-96CE-3B9166818D80}.Release|Any CPU.ActiveCfg = Release|x86
		{69E4B205-3439-4C35-96CE-3B9166818D80}.Release|ARM.ActiveCfg = Release|ARM
		{69E4B205-3439-4C35-96CE-3B9166818D80}.Release|ARM.Build.0 = Release|ARM
		{69E4B205-3439-4C35-96CE-3B9166818D80}.Release|ARM.Deploy.0 = Release|ARM
		{69E4B205-3439-4C35-96CE-3B9166818D80}.Release|iPhone.ActiveCfg = Release|x86
		{69E4B205-3439-4C35-96CE-3B9166818D80}.Release|iPhoneSimulator.ActiveCfg = Release|x86
		{69E4B205-3439-4C35-96CE-3B9166818D80}.Release|x64.ActiveCfg = Release|x64
		{69E4B205-3439-4C35-96CE-3B9166818D80}.Release|x64.Build.0 = Release|x64
		{69E4B205-3439-4C35-96CE-3B9166818D80}.Release|x64.Deploy.0 = Release|x64
		{69E4B205-3439-4C35-96CE-3B9166818D80}.Release|x86.ActiveCfg = Release|x86
		{69E4B205-3439-4C35-96CE-3B9166818D80}.Release|x86.Build.0 = Release|x86
		{69E4B205-3439-4C35-96CE-3B9166818D80}.Release|x86.Deploy.0 = Release|x86
	EndGlobalSection
	GlobalSection(SolutionProperties) = preSolution
		HideSolutionNode = FALSE
	EndGlobalSection
	GlobalSection(ExtensibilityGlobals) = postSolution
		SolutionGuid = {A0AD5348-00D7-49C8-9257-2B5CD56179BE}
	EndGlobalSection
EndGlobal
